
Microsoft Visual Studio Solution File, Format Version 12.00
# Visual Studio Version 17
VisualStudioVersion = 17.8.34511.84
MinimumVisualStudioVersion = 10.0.40219.1
Project("{FAE04EC0-301F-11D3-BF4B-00C04F79EFBC}") = "HastaTakipWeb", "HastaTakipWeb\HastaTakipWeb.csproj", "{0B2E8220-8EBF-4C54-8A9C-8D7546F1DF33}"
EndProject
Global
	GlobalSection(SolutionConfigurationPlatforms) = preSolution
		Debug|Any CPU = Debug|Any CPU
		Release|Any CPU = Release|Any CPU
	EndGlobalSection
	GlobalSection(ProjectConfigurationPlatforms) = postSolution
		{0B2E8220-8EBF-4C54-8A9C-8D7546F1DF33}.Debug|Any CPU.ActiveCfg = Debug|Any CPU
		{0B2E8220-8EBF-4C54-8A9C-8D7546F1DF33}.Debug|Any CPU.Build.0 = Debug|Any CPU
		{0B2E8220-8EBF-4C54-8A9C-8D7546F1DF33}.Release|Any CPU.ActiveCfg = Release|Any CPU
		{0B2E8220-8EBF-4C54-8A9C-8D7546F1DF33}.Release|Any CPU.Build.0 = Release|Any CPU
	EndGlobalSection
	GlobalSection(SolutionProperties) = preSolution
		HideSolutionNode = FALSE
	EndGlobalSection
	GlobalSection(ExtensibilityGlobals) = postSolution
		SolutionGuid = {451F5C7A-00FE-46D5-AF9C-24D657B8D20B}
	EndGlobalSection
EndGlobal
